<Solution>
  <Folder Name="/src/">
    <Project Path="src/ElBruno.PersonaPlex/ElBruno.PersonaPlex.csproj" />
    <Project Path="src/ElBruno.PersonaPlex.Tests/ElBruno.PersonaPlex.Tests.csproj" />
  </Folder>
  <Folder Name="/samples/">
    <Project Path="src/samples/scenario-01-simple/scenario-01-simple.csproj" />
    <Project Path="src/samples/scenario-02-persona/scenario-02-persona.csproj" />
    <Project Path="src/samples/scenario-03-voice-select/scenario-03-voice-select.csproj" />
  </Folder>
  <Folder Name="/samples/scenario-04-blazor-aspire/">
    <Project Path="src/samples/scenario-04-blazor-aspire/scenario-04.AppHost/scenario-04.AppHost.csproj" />
    <Project Path="src/samples/scenario-04-blazor-aspire/scenario-04.ServiceDefaults/scenario-04.ServiceDefaults.csproj" />
    <Project Path="src/samples/scenario-04-blazor-aspire/scenario-04.Api/scenario-04.Api.csproj" />
    <Project Path="src/samples/scenario-04-blazor-aspire/scenario-04.Web/scenario-04.Web.csproj" />
    <Project Path="src/samples/scenario-04-blazor-aspire/scenario-04.Shared/scenario-04.Shared.csproj" />
  </Folder>
</Solution>
